
Microsoft Visual Studio Solution File, Format Version 12.00
# Visual Studio Version 17
VisualStudioVersion = 17.10.34928.147
MinimumVisualStudioVersion = 10.0.40219.1
Project("{FAE04EC0-301F-11D3-BF4B-00C04F79EFBC}") = "MovieProject.Repository", "MovieProject.Repository\MovieProject.Repository.csproj", "{103F071E-4A6D-48A7-BA6E-FE5001A44102}"
EndProject
Project("{FAE04EC0-301F-11D3-BF4B-00C04F79EFBC}") = "MovieProject.Service", "MovieProject.Service\MovieProject.Service.csproj", "{059E98B2-8BBF-4F56-A2FB-901FBA283D4B}"
EndProject
Project("{FAE04EC0-301F-11D3-BF4B-00C04F79EFBC}") = "MovieProject.API", "MovieProject.API\MovieProject.API.csproj", "{5FB28AD0-663B-4FCD-B755-E98D6430B578}"
EndProject
Global
	GlobalSection(SolutionConfigurationPlatforms) = preSolution
		Debug|Any CPU = Debug|Any CPU
		Release|Any CPU = Release|Any CPU
	EndGlobalSection
	GlobalSection(ProjectConfigurationPlatforms) = postSolution
		{103F071E-4A6D-48A7-BA6E-FE5001A44102}.Debug|Any CPU.ActiveCfg = Debug|Any CPU
		{103F071E-4A6D-48A7-BA6E-FE5001A44102}.Debug|Any CPU.Build.0 = Debug|Any CPU
		{103F071E-4A6D-48A7-BA6E-FE5001A44102}.Release|Any CPU.ActiveCfg = Release|Any CPU
		{103F071E-4A6D-48A7-BA6E-FE5001A44102}.Release|Any CPU.Build.0 = Release|Any CPU
		{059E98B2-8BBF-4F56-A2FB-901FBA283D4B}.Debug|Any CPU.ActiveCfg = Debug|Any CPU
		{059E98B2-8BBF-4F56-A2FB-901FBA283D4B}.Debug|Any CPU.Build.0 = Debug|Any CPU
		{059E98B2-8BBF-4F56-A2FB-901FBA283D4B}.Release|Any CPU.ActiveCfg = Release|Any CPU
		{059E98B2-8BBF-4F56-A2FB-901FBA283D4B}.Release|Any CPU.Build.0 = Release|Any CPU
		{5FB28AD0-663B-4FCD-B755-E98D6430B578}.Debug|Any CPU.ActiveCfg = Debug|Any CPU
		{5FB28AD0-663B-4FCD-B755-E98D6430B578}.Debug|Any CPU.Build.0 = Debug|Any CPU
		{5FB28AD0-663B-4FCD-B755-E98D6430B578}.Release|Any CPU.ActiveCfg = Release|Any CPU
		{5FB28AD0-663B-4FCD-B755-E98D6430B578}.Release|Any CPU.Build.0 = Release|Any CPU
	EndGlobalSection
	GlobalSection(SolutionProperties) = preSolution
		HideSolutionNode = FALSE
	EndGlobalSection
	GlobalSection(ExtensibilityGlobals) = postSolution
		SolutionGuid = {064923AF-10F8-478F-9487-0A827A8FA80B}
	EndGlobalSection
EndGlobal
